// !$*UTF8*$!
{
	archiveVersion = 1;
	classes = {
	};
	objectVersion = 46;
	objects = {

/* Begin PBXBuildFile section */
		4362659C1EABDCB10019534A /* Marvel_ExampleTests.swift in Sources */ = {isa = PBXBuildFile; fileRef = 4362659B1EABDCB10019534A /* Marvel_ExampleTests.swift */; };
		436265B21EABDCFD0019534A /* AppDelegate.swift in Sources */ = {isa = PBXBuildFile; fileRef = 436265A71EABDCFD0019534A /* AppDelegate.swift */; };
		436265B41EABDCFD0019534A /* Assets.xcassets in Resources */ = {isa = PBXBuildFile; fileRef = 436265AA1EABDCFD0019534A /* Assets.xcassets */; };
		436265B51EABDCFD0019534A /* LaunchScreen.storyboard in Resources */ = {isa = PBXBuildFile; fileRef = 436265AC1EABDCFD0019534A /* LaunchScreen.storyboard */; };
		436265B61EABDCFD0019534A /* Main.storyboard in Resources */ = {isa = PBXBuildFile; fileRef = 436265AE1EABDCFD0019534A /* Main.storyboard */; };
		436265B71EABDCFD0019534A /* ViewController.swift in Sources */ = {isa = PBXBuildFile; fileRef = 436265B11EABDCFD0019534A /* ViewController.swift */; };
/* End PBXBuildFile section */

/* Begin PBXContainerItemProxy section */
		436265981EABDCB10019534A /* PBXContainerItemProxy */ = {
			isa = PBXContainerItemProxy;
			containerPortal = 4362657B1EABDCB00019534A /* Project object */;
			proxyType = 1;
			remoteGlobalIDString = 436265821EABDCB00019534A;
			remoteInfo = "Marvel-Example";
		};
/* End PBXContainerItemProxy section */

/* Begin PBXFileReference section */
		436265831EABDCB00019534A /* Marvel-Example.app */ = {isa = PBXFileReference; explicitFileType = wrapper.application; includeInIndex = 0; path = "Marvel-Example.app"; sourceTree = BUILT_PRODUCTS_DIR; };
		436265971EABDCB10019534A /* Marvel-ExampleTests.xctest */ = {isa = PBXFileReference; explicitFileType = wrapper.cfbundle; includeInIndex = 0; path = "Marvel-ExampleTests.xctest"; sourceTree = BUILT_PRODUCTS_DIR; };
		4362659B1EABDCB10019534A /* Marvel_ExampleTests.swift */ = {isa = PBXFileReference; lastKnownFileType = sourcecode.swift; path = Marvel_ExampleTests.swift; sourceTree = "<group>"; };
		4362659D1EABDCB10019534A /* Info.plist */ = {isa = PBXFileReference; lastKnownFileType = text.plist.xml; path = Info.plist; sourceTree = "<group>"; };
		436265A71EABDCFD0019534A /* AppDelegate.swift */ = {isa = PBXFileReference; fileEncoding = 4; lastKnownFileType = sourcecode.swift; path = AppDelegate.swift; sourceTree = "<group>"; };
		436265A81EABDCFD0019534A /* Info.plist */ = {isa = PBXFileReference; fileEncoding = 4; lastKnownFileType = text.plist.xml; path = Info.plist; sourceTree = "<group>"; };
		436265AA1EABDCFD0019534A /* Assets.xcassets */ = {isa = PBXFileReference; lastKnownFileType = folder.assetcatalog; path = Assets.xcassets; sourceTree = "<group>"; };
		436265AD1EABDCFD0019534A /* Base */ = {isa = PBXFileReference; lastKnownFileType = file.storyboard; name = Base; path = Base.lproj/LaunchScreen.storyboard; sourceTree = "<group>"; };
		436265AF1EABDCFD0019534A /* Base */ = {isa = PBXFileReference; lastKnownFileType = file.storyboard; name = Base; path = Base.lproj/Main.storyboard; sourceTree = "<group>"; };
		436265B11EABDCFD0019534A /* ViewController.swift */ = {isa = PBXFileReference; fileEncoding = 4; lastKnownFileType = sourcecode.swift; path = ViewController.swift; sourceTree = "<group>"; };
/* End PBXFileReference section */

/* Begin PBXFrameworksBuildPhase section */
		436265801EABDCB00019534A /* Frameworks */ = {
			isa = PBXFrameworksBuildPhase;
			buildActionMask = 2147483647;
			files = (
			);
			runOnlyForDeploymentPostprocessing = 0;
		};
		436265941EABDCB10019534A /* Frameworks */ = {
			isa = PBXFrameworksBuildPhase;
			buildActionMask = 2147483647;
			files = (
			);
			runOnlyForDeploymentPostprocessing = 0;
		};
/* End PBXFrameworksBuildPhase section */

/* Begin PBXGroup section */
		4362657A1EABDCB00019534A = {
			isa = PBXGroup;
			children = (
				436265851EABDCB00019534A /* Marvel-Example */,
				4362659A1EABDCB10019534A /* Marvel-ExampleTests */,
				436265841EABDCB00019534A /* Products */,
			);
			sourceTree = "<group>";
		};
		436265841EABDCB00019534A /* Products */ = {
			isa = PBXGroup;
			children = (
				436265831EABDCB00019534A /* Marvel-Example.app */,
				436265971EABDCB10019534A /* Marvel-ExampleTests.xctest */,
			);
			name = Products;
			sourceTree = "<group>";
		};
		436265851EABDCB00019534A /* Marvel-Example */ = {
			isa = PBXGroup;
			children = (
				436265A61EABDCFD0019534A /* Application */,
				436265A91EABDCFD0019534A /* Resources */,
				436265AB1EABDCFD0019534A /* Storyboards */,
				436265B01EABDCFD0019534A /* ViewControllers */,
			);
			path = "Marvel-Example";
			sourceTree = "<group>";
		};
		4362659A1EABDCB10019534A /* Marvel-ExampleTests */ = {
			isa = PBXGroup;
			children = (
				4362659B1EABDCB10019534A /* Marvel_ExampleTests.swift */,
				4362659D1EABDCB10019534A /* Info.plist */,
			);
			path = "Marvel-ExampleTests";
			sourceTree = "<group>";
		};
		436265A61EABDCFD0019534A /* Application */ = {
			isa = PBXGroup;
			children = (
				436265A71EABDCFD0019534A /* AppDelegate.swift */,
				436265A81EABDCFD0019534A /* Info.plist */,
			);
			path = Application;
			sourceTree = "<group>";
		};
		436265A91EABDCFD0019534A /* Resources */ = {
			isa = PBXGroup;
			children = (
				436265AA1EABDCFD0019534A /* Assets.xcassets */,
			);
			path = Resources;
			sourceTree = "<group>";
		};
		436265AB1EABDCFD0019534A /* Storyboards */ = {
			isa = PBXGroup;
			children = (
				436265AC1EABDCFD0019534A /* LaunchScreen.storyboard */,
				436265AE1EABDCFD0019534A /* Main.storyboard */,
			);
			path = Storyboards;
			sourceTree = "<group>";
		};
		436265B01EABDCFD0019534A /* ViewControllers */ = {
			isa = PBXGroup;
			children = (
				436265B11EABDCFD0019534A /* ViewController.swift */,
			);
			path = ViewControllers;
			sourceTree = "<group>";
		};
/* End PBXGroup section */

/* Begin PBXNativeTarget section */
		436265821EABDCB00019534A /* Marvel-Example */ = {
			isa = PBXNativeTarget;
			buildConfigurationList = 436265A01EABDCB10019534A /* Build configuration list for PBXNativeTarget "Marvel-Example" */;
			buildPhases = (
				4362657F1EABDCB00019534A /* Sources */,
				436265801EABDCB00019534A /* Frameworks */,
				436265811EABDCB00019534A /* Resources */,
			);
			buildRules = (
			);
			dependencies = (
			);
			name = "Marvel-Example";
			productName = "Marvel-Example";
			productReference = 436265831EABDCB00019534A /* Marvel-Example.app */;
			productType = "com.apple.product-type.application";
		};
		436265961EABDCB10019534A /* Marvel-ExampleTests */ = {
			isa = PBXNativeTarget;
			buildConfigurationList = 436265A31EABDCB10019534A /* Build configuration list for PBXNativeTarget "Marvel-ExampleTests" */;
			buildPhases = (
				436265931EABDCB10019534A /* Sources */,
				436265941EABDCB10019534A /* Frameworks */,
				436265951EABDCB10019534A /* Resources */,
			);
			buildRules = (
			);
			dependencies = (
				436265991EABDCB10019534A /* PBXTargetDependency */,
			);
			name = "Marvel-ExampleTests";
			productName = "Marvel-ExampleTests";
			productReference = 436265971EABDCB10019534A /* Marvel-ExampleTests.xctest */;
			productType = "com.apple.product-type.bundle.unit-test";
		};
/* End PBXNativeTarget section */

/* Begin PBXProject section */
		4362657B1EABDCB00019534A /* Project object */ = {
			isa = PBXProject;
			attributes = {
				LastSwiftUpdateCheck = 0830;
				LastUpgradeCheck = 0830;
				ORGANIZATIONNAME = "William Boles";
				TargetAttributes = {
					436265821EABDCB00019534A = {
						CreatedOnToolsVersion = 8.3.2;
						ProvisioningStyle = Automatic;
					};
					436265961EABDCB10019534A = {
						CreatedOnToolsVersion = 8.3.2;
						ProvisioningStyle = Automatic;
						TestTargetID = 436265821EABDCB00019534A;
					};
				};
			};
			buildConfigurationList = 4362657E1EABDCB00019534A /* Build configuration list for PBXProject "Marvel-Example" */;
			compatibilityVersion = "Xcode 3.2";
			developmentRegion = English;
			hasScannedForEncodings = 0;
			knownRegions = (
				en,
				Base,
			);
			mainGroup = 4362657A1EABDCB00019534A;
			productRefGroup = 436265841EABDCB00019534A /* Products */;
			projectDirPath = "";
			projectRoot = "";
			targets = (
				436265821EABDCB00019534A /* Marvel-Example */,
				436265961EABDCB10019534A /* Marvel-ExampleTests */,
			);
		};
/* End PBXProject section */

/* Begin PBXResourcesBuildPhase section */
		436265811EABDCB00019534A /* Resources */ = {
			isa = PBXResourcesBuildPhase;
			buildActionMask = 2147483647;
			files = (
				436265B51EABDCFD0019534A /* LaunchScreen.storyboard in Resources */,
				436265B41EABDCFD0019534A /* Assets.xcassets in Resources */,
				436265B61EABDCFD0019534A /* Main.storyboard in Resources */,
			);
			runOnlyForDeploymentPostprocessing = 0;
		};
		436265951EABDCB10019534A /* Resources */ = {
			isa = PBXResourcesBuildPhase;
			buildActionMask = 2147483647;
			files = (
			);
			runOnlyForDeploymentPostprocessing = 0;
		};
/* End PBXResourcesBuildPhase section */

/* Begin PBXSourcesBuildPhase section */
		4362657F1EABDCB00019534A /* Sources */ = {
			isa = PBXSourcesBuildPhase;
			buildActionMask = 2147483647;
			files = (
				436265B71EABDCFD0019534A /* ViewController.swift in Sources */,
				436265B21EABDCFD0019534A /* AppDelegate.swift in Sources */,
			);
			runOnlyForDeploymentPostprocessing = 0;
		};
		436265931EABDCB10019534A /* Sources */ = {
			isa = PBXSourcesBuildPhase;
			buildActionMask = 2147483647;
			files = (
				4362659C1EABDCB10019534A /* Marvel_ExampleTests.swift in Sources */,
			);
			runOnlyForDeploymentPostprocessing = 0;
		};
/* End PBXSourcesBuildPhase section */

/* Begin PBXTargetDependency section */
		436265991EABDCB10019534A /* PBXTargetDependency */ = {
			isa = PBXTargetDependency;
			target = 436265821EABDCB00019534A /* Marvel-Example */;
			targetProxy = 436265981EABDCB10019534A /* PBXContainerItemProxy */;
		};
/* End PBXTargetDependency section */

/* Begin PBXVariantGroup section */
		436265AC1EABDCFD0019534A /* LaunchScreen.storyboard */ = {
			isa = PBXVariantGroup;
			children = (
				436265AD1EABDCFD0019534A /* Base */,
			);
			name = LaunchScreen.storyboard;
			sourceTree = "<group>";
		};
		436265AE1EABDCFD0019534A /* Main.storyboard */ = {
			isa = PBXVariantGroup;
			children = (
				436265AF1EABDCFD0019534A /* Base */,
			);
			name = Main.storyboard;
			sourceTree = "<group>";
		};
/* End PBXVariantGroup section */

/* Begin XCBuildConfiguration section */
		4362659E1EABDCB10019534A /* Debug */ = {
			isa = XCBuildConfiguration;
			buildSettings = {
				ALWAYS_SEARCH_USER_PATHS = NO;
				CLANG_ANALYZER_NONNULL = YES;
				CLANG_ANALYZER_NUMBER_OBJECT_CONVERSION = YES_AGGRESSIVE;
				CLANG_CXX_LANGUAGE_STANDARD = "gnu++0x";
				CLANG_CXX_LIBRARY = "libc++";
				CLANG_ENABLE_MODULES = YES;
				CLANG_ENABLE_OBJC_ARC = YES;
				CLANG_WARN_BOOL_CONVERSION = YES;
				CLANG_WARN_CONSTANT_CONVERSION = YES;
				CLANG_WARN_DIRECT_OBJC_ISA_USAGE = YES_ERROR;
				CLANG_WARN_DOCUMENTATION_COMMENTS = YES;
				CLANG_WARN_EMPTY_BODY = YES;
				CLANG_WARN_ENUM_CONVERSION = YES;
				CLANG_WARN_INFINITE_RECURSION = YES;
				CLANG_WARN_INT_CONVERSION = YES;
				CLANG_WARN_OBJC_ROOT_CLASS = YES_ERROR;
				CLANG_WARN_SUSPICIOUS_MOVE = YES;
				CLANG_WARN_UNREACHABLE_CODE = YES;
				CLANG_WARN__DUPLICATE_METHOD_MATCH = YES;
				"CODE_SIGN_IDENTITY[sdk=iphoneos*]" = "iPhone Developer";
				COPY_PHASE_STRIP = NO;
				DEBUG_INFORMATION_FORMAT = dwarf;
				ENABLE_STRICT_OBJC_MSGSEND = YES;
				ENABLE_TESTABILITY = YES;
				GCC_C_LANGUAGE_STANDARD = gnu99;
				GCC_DYNAMIC_NO_PIC = NO;
				GCC_NO_COMMON_BLOCKS = YES;
				GCC_OPTIMIZATION_LEVEL = 0;
				GCC_PREPROCESSOR_DEFINITIONS = (
					"DEBUG=1",
					"$(inherited)",
				);
				GCC_WARN_64_TO_32_BIT_CONVERSION = YES;
				GCC_WARN_ABOUT_RETURN_TYPE = YES_ERROR;
				GCC_WARN_UNDECLARED_SELECTOR = YES;
				GCC_WARN_UNINITIALIZED_AUTOS = YES_AGGRESSIVE;
				GCC_WARN_UNUSED_FUNCTION = YES;
				GCC_WARN_UNUSED_VARIABLE = YES;
				IPHONEOS_DEPLOYMENT_TARGET = 10.3;
				MTL_ENABLE_DEBUG_INFO = YES;
				ONLY_ACTIVE_ARCH = YES;
				SDKROOT = iphoneos;
				SWIFT_ACTIVE_COMPILATION_CONDITIONS = DEBUG;
				SWIFT_OPTIMIZATION_LEVEL = "-Onone";
				TARGETED_DEVICE_FAMILY = "1,2";
			};
			name = Debug;
		};
		4362659F1EABDCB10019534A /* Release */ = {
			isa = XCBuildConfiguration;
			buildSettings = {
				ALWAYS_SEARCH_USER_PATHS = NO;
				CLANG_ANALYZER_NONNULL = YES;
				CLANG_ANALYZER_NUMBER_OBJECT_CONVERSION = YES_AGGRESSIVE;
				CLANG_CXX_LANGUAGE_STANDARD = "gnu++0x";
				CLANG_CXX_LIBRARY = "libc++";
				CLANG_ENABLE_MODULES = YES;
				CLANG_ENABLE_OBJC_ARC = YES;
				CLANG_WARN_BOOL_CONVERSION = YES;
				CLANG_WARN_CONSTANT_CONVERSION = YES;
				CLANG_WARN_DIRECT_OBJC_ISA_USAGE = YES_ERROR;
				CLANG_WARN_DOCUMENTATION_COMMENTS = YES;
				CLANG_WARN_EMPTY_BODY = YES;
				CLANG_WARN_ENUM_CONVERSION = YES;
				CLANG_WARN_INFINITE_RECURSION = YES;
				CLANG_WARN_INT_CONVERSION = YES;
				CLANG_WARN_OBJC_ROOT_CLASS = YES_ERROR;
				CLANG_WARN_SUSPICIOUS_MOVE = YES;
				CLANG_WARN_UNREACHABLE_CODE = YES;
				CLANG_WARN__DUPLICATE_METHOD_MATCH = YES;
				"CODE_SIGN_IDENTITY[sdk=iphoneos*]" = "iPhone Developer";
				COPY_PHASE_STRIP = NO;
				DEBUG_INFORMATION_FORMAT = "dwarf-with-dsym";
				ENABLE_NS_ASSERTIONS = NO;
				ENABLE_STRICT_OBJC_MSGSEND = YES;
				GCC_C_LANGUAGE_STANDARD = gnu99;
				GCC_NO_COMMON_BLOCKS = YES;
				GCC_WARN_64_TO_32_BIT_CONVERSION = YES;
				GCC_WARN_ABOUT_RETURN_TYPE = YES_ERROR;
				GCC_WARN_UNDECLARED_SELECTOR = YES;
				GCC_WARN_UNINITIALIZED_AUTOS = YES_AGGRESSIVE;
				GCC_WARN_UNUSED_FUNCTION = YES;
				GCC_WARN_UNUSED_VARIABLE = YES;
				IPHONEOS_DEPLOYMENT_TARGET = 10.3;
				MTL_ENABLE_DEBUG_INFO = NO;
				SDKROOT = iphoneos;
				SWIFT_OPTIMIZATION_LEVEL = "-Owholemodule";
				TARGETED_DEVICE_FAMILY = "1,2";
				VALIDATE_PRODUCT = YES;
			};
			name = Release;
		};
		436265A11EABDCB10019534A /* Debug */ = {
			isa = XCBuildConfiguration;
			buildSettings = {
				ASSETCATALOG_COMPILER_APPICON_NAME = AppIcon;
				INFOPLIST_FILE = "Marvel-Example/Application/Info.plist";
				LD_RUNPATH_SEARCH_PATHS = "$(inherited) @executable_path/Frameworks";
				PRODUCT_BUNDLE_IDENTIFIER = "boles.Marvel-Example";
				PRODUCT_NAME = "$(TARGET_NAME)";
				SWIFT_VERSION = 3.0;
			};
			name = Debug;
		};
		436265A21EABDCB10019534A /* Release */ = {
			isa = XCBuildConfiguration;
			buildSettings = {
				ASSETCATALOG_COMPILER_APPICON_NAME = AppIcon;
				INFOPLIST_FILE = "Marvel-Example/Application/Info.plist";
				LD_RUNPATH_SEARCH_PATHS = "$(inherited) @executable_path/Frameworks";
				PRODUCT_BUNDLE_IDENTIFIER = "boles.Marvel-Example";
				PRODUCT_NAME = "$(TARGET_NAME)";
				SWIFT_VERSION = 3.0;
			};
			name = Release;
		};
		436265A41EABDCB10019534A /* Debug */ = {
			isa = XCBuildConfiguration;
			buildSettings = {
				ALWAYS_EMBED_SWIFT_STANDARD_LIBRARIES = YES;
				BUNDLE_LOADER = "$(TEST_HOST)";
				INFOPLIST_FILE = "Marvel-ExampleTests/Info.plist";
				LD_RUNPATH_SEARCH_PATHS = "$(inherited) @executable_path/Frameworks @loader_path/Frameworks";
				PRODUCT_BUNDLE_IDENTIFIER = "boles.Marvel-ExampleTests";
				PRODUCT_NAME = "$(TARGET_NAME)";
				SWIFT_VERSION = 3.0;
				TEST_HOST = "$(BUILT_PRODUCTS_DIR)/Marvel-Example.app/Marvel-Example";
			};
			name = Debug;
		};
		436265A51EABDCB10019534A /* Release */ = {
			isa = XCBuildConfiguration;
			buildSettings = {
				ALWAYS_EMBED_SWIFT_STANDARD_LIBRARIES = YES;
				BUNDLE_LOADER = "$(TEST_HOST)";
				INFOPLIST_FILE = "Marvel-ExampleTests/Info.plist";
				LD_RUNPATH_SEARCH_PATHS = "$(inherited) @executable_path/Frameworks @loader_path/Frameworks";
				PRODUCT_BUNDLE_IDENTIFIER = "boles.Marvel-ExampleTests";
				PRODUCT_NAME = "$(TARGET_NAME)";
				SWIFT_VERSION = 3.0;
				TEST_HOST = "$(BUILT_PRODUCTS_DIR)/Marvel-Example.app/Marvel-Example";
			};
			name = Release;
		};
/* End XCBuildConfiguration section */

/* Begin XCConfigurationList section */
		4362657E1EABDCB00019534A /* Build configuration list for PBXProject "Marvel-Example" */ = {
			isa = XCConfigurationList;
			buildConfigurations = (
				4362659E1EABDCB10019534A /* Debug */,
				4362659F1EABDCB10019534A /* Release */,
			);
			defaultConfigurationIsVisible = 0;
			defaultConfigurationName = Release;
		};
		436265A01EABDCB10019534A /* Build configuration list for PBXNativeTarget "Marvel-Example" */ = {
			isa = XCConfigurationList;
			buildConfigurations = (
				436265A11EABDCB10019534A /* Debug */,
				436265A21EABDCB10019534A /* Release */,
			);
			defaultConfigurationIsVisible = 0;
			defaultConfigurationName = Release;
		};
		436265A31EABDCB10019534A /* Build configuration list for PBXNativeTarget "Marvel-ExampleTests" */ = {
			isa = XCConfigurationList;
			buildConfigurations = (
				436265A41EABDCB10019534A /* Debug */,
				436265A51EABDCB10019534A /* Release */,
			);
			defaultConfigurationIsVisible = 0;
			defaultConfigurationName = Release;
		};
/* End XCConfigurationList section */
	};
	rootObject = 4362657B1EABDCB00019534A /* Project object */;
}
